
Microsoft Visual Studio Solution File, Format Version 12.00
# Visual Studio 14
VisualStudioVersion = 14.0.23107.0
MinimumVisualStudioVersion = 10.0.40219.1
Project("{8BC9CEB8-8B4A-11D0-8D11-00A0C91BC942}") = "tron", "tron.vcxproj", "{98DA5B60-8B39-4759-B25D-421B6C93760A}"
	ProjectSection(ProjectDependencies) = postProject
		{E35D8E47-EBFE-45D1-A5B8-FBF35E529868} = {E35D8E47-EBFE-45D1-A5B8-FBF35E529868}
		{637B3271-F9ED-4537-AB4B-4CD894306A43} = {637B3271-F9ED-4537-AB4B-4CD894306A43}
		{890A41A4-4236-4A37-8060-BF78493A702F} = {890A41A4-4236-4A37-8060-BF78493A702F}
	EndProjectSection
EndProject
Project("{8BC9CEB8-8B4A-11D0-8D11-00A0C91BC942}") = "assimp", "..\libraries\assimp-3.2\build\code\assimp.vcxproj", "{637B3271-F9ED-4537-AB4B-4CD894306A43}"
EndProject
Project("{2150E333-8FDC-42A3-9474-1A3956D46DE8}") = "Solution Items", "Solution Items", "{DF9F58FB-8F87-4631-9939-588C3422B366}"
EndProject
Project("{8BC9CEB8-8B4A-11D0-8D11-00A0C91BC942}") = "glfw", "..\libraries\glfw-3.1.2\build\src\glfw.vcxproj", "{890A41A4-4236-4A37-8060-BF78493A702F}"
EndProject
Project("{8BC9CEB8-8B4A-11D0-8D11-00A0C91BC942}") = "zlibstatic", "..\libraries\assimp-3.2\build\contrib\zlib\zlibstatic.vcxproj", "{E35D8E47-EBFE-45D1-A5B8-FBF35E529868}"
EndProject
Global
	GlobalSection(SolutionConfigurationPlatforms) = preSolution
		Debug MX|x64 = Debug MX|x64
		Debug MX|x86 = Debug MX|x86
		Debug|x64 = Debug|x64
		Debug|x86 = Debug|x86
		MinSizeRel|x64 = MinSizeRel|x64
		MinSizeRel|x86 = MinSizeRel|x86
		Release MX|x64 = Release MX|x64
		Release MX|x86 = Release MX|x86
		Release|x64 = Release|x64
		Release|x86 = Release|x86
		RelWithDebInfo|x64 = RelWithDebInfo|x64
		RelWithDebInfo|x86 = RelWithDebInfo|x86
	EndGlobalSection
	GlobalSection(ProjectConfigurationPlatforms) = postSolution
		{98DA5B60-8B39-4759-B25D-421B6C93760A}.Debug MX|x64.ActiveCfg = Debug|x64
		{98DA5B60-8B39-4759-B25D-421B6C93760A}.Debug MX|x64.Build.0 = Debug|x64
		{98DA5B60-8B39-4759-B25D-421B6C93760A}.Debug MX|x86.ActiveCfg = Debug|Win32
		{98DA5B60-8B39-4759-B25D-421B6C93760A}.Debug MX|x86.Build.0 = Debug|Win32
		{98DA5B60-8B39-4759-B25D-421B6C93760A}.Debug|x64.ActiveCfg = Debug|x64
		{98DA5B60-8B39-4759-B25D-421B6C93760A}.Debug|x64.Build.0 = Debug|x64
		{98DA5B60-8B39-4759-B25D-421B6C93760A}.Debug|x86.ActiveCfg = Debug|Win32
		{98DA5B60-8B39-4759-B25D-421B6C93760A}.Debug|x86.Build.0 = Debug|Win32
		{98DA5B60-8B39-4759-B25D-421B6C93760A}.MinSizeRel|x64.ActiveCfg = Release|x64
		{98DA5B60-8B39-4759-B25D-421B6C93760A}.MinSizeRel|x64.Build.0 = Release|x64
		{98DA5B60-8B39-4759-B25D-421B6C93760A}.MinSizeRel|x86.ActiveCfg = Release|Win32
		{98DA5B60-8B39-4759-B25D-421B6C93760A}.MinSizeRel|x86.Build.0 = Release|Win32
		{98DA5B60-8B39-4759-B25D-421B6C93760A}.Release MX|x64.ActiveCfg = Release|x64
		{98DA5B60-8B39-4759-B25D-421B6C93760A}.Release MX|x64.Build.0 = Release|x64
		{98DA5B60-8B39-4759-B25D-421B6C93760A}.Release MX|x86.ActiveCfg = Release|Win32
		{98DA5B60-8B39-4759-B25D-421B6C93760A}.Release MX|x86.Build.0 = Release|Win32
		{98DA5B60-8B39-4759-B25D-421B6C93760A}.Release|x64.ActiveCfg = Release|x64
		{98DA5B60-8B39-4759-B25D-421B6C93760A}.Release|x64.Build.0 = Release|x64
		{98DA5B60-8B39-4759-B25D-421B6C93760A}.Release|x86.ActiveCfg = Release|Win32
		{98DA5B60-8B39-4759-B25D-421B6C93760A}.Release|x86.Build.0 = Release|Win32
		{98DA5B60-8B39-4759-B25D-421B6C93760A}.RelWithDebInfo|x64.ActiveCfg = Release|x64
		{98DA5B60-8B39-4759-B25D-421B6C93760A}.RelWithDebInfo|x64.Build.0 = Release|x64
		{98DA5B60-8B39-4759-B25D-421B6C93760A}.RelWithDebInfo|x86.ActiveCfg = Release|Win32
		{98DA5B60-8B39-4759-B25D-421B6C93760A}.RelWithDebInfo|x86.Build.0 = Release|Win32
		{637B3271-F9ED-4537-AB4B-4CD894306A43}.Debug MX|x64.ActiveCfg = Release|Win32
		{637B3271-F9ED-4537-AB4B-4CD894306A43}.Debug MX|x64.Build.0 = Release|Win32
		{637B3271-F9ED-4537-AB4B-4CD894306A43}.Debug MX|x86.ActiveCfg = Debug|Win32
		{637B3271-F9ED-4537-AB4B-4CD894306A43}.Debug MX|x86.Build.0 = Debug|Win32
		{637B3271-F9ED-4537-AB4B-4CD894306A43}.Debug|x64.ActiveCfg = Debug|Win32
		{637B3271-F9ED-4537-AB4B-4CD894306A43}.Debug|x86.ActiveCfg = Debug|Win32
		{637B3271-F9ED-4537-AB4B-4CD894306A43}.Debug|x86.Build.0 = Debug|Win32
		{637B3271-F9ED-4537-AB4B-4CD894306A43}.MinSizeRel|x64.ActiveCfg = MinSizeRel|Win32
		{637B3271-F9ED-4537-AB4B-4CD894306A43}.MinSizeRel|x86.ActiveCfg = MinSizeRel|Win32
		{637B3271-F9ED-4537-AB4B-4CD894306A43}.MinSizeRel|x86.Build.0 = MinSizeRel|Win32
		{637B3271-F9ED-4537-AB4B-4CD894306A43}.Release MX|x64.ActiveCfg = Release|Win32
		{637B3271-F9ED-4537-AB4B-4CD894306A43}.Release MX|x64.Build.0 = Release|Win32
		{637B3271-F9ED-4537-AB4B-4CD894306A43}.Release MX|x86.ActiveCfg = Release|Win32
		{637B3271-F9ED-4537-AB4B-4CD894306A43}.Release MX|x86.Build.0 = Release|Win32
		{637B3271-F9ED-4537-AB4B-4CD894306A43}.Release|x64.ActiveCfg = Release|Win32
		{637B3271-F9ED-4537-AB4B-4CD894306A43}.Release|x86.ActiveCfg = Release|Win32
		{637B3271-F9ED-4537-AB4B-4CD894306A43}.Release|x86.Build.0 = Release|Win32
		{637B3271-F9ED-4537-AB4B-4CD894306A43}.RelWithDebInfo|x64.ActiveCfg = RelWithDebInfo|Win32
		{637B3271-F9ED-4537-AB4B-4CD894306A43}.RelWithDebInfo|x86.ActiveCfg = RelWithDebInfo|Win32
		{637B3271-F9ED-4537-AB4B-4CD894306A43}.RelWithDebInfo|x86.Build.0 = RelWithDebInfo|Win32
		{890A41A4-4236-4A37-8060-BF78493A702F}.Debug MX|x64.ActiveCfg = Release|Win32
		{890A41A4-4236-4A37-8060-BF78493A702F}.Debug MX|x64.Build.0 = Release|Win32
		{890A41A4-4236-4A37-8060-BF78493A702F}.Debug MX|x86.ActiveCfg = Debug|Win32
		{890A41A4-4236-4A37-8060-BF78493A702F}.Debug MX|x86.Build.0 = Debug|Win32
		{890A41A4-4236-4A37-8060-BF78493A702F}.Debug|x64.ActiveCfg = Debug|Win32
		{890A41A4-4236-4A37-8060-BF78493A702F}.Debug|x86.ActiveCfg = Debug|Win32
		{890A41A4-4236-4A37-8060-BF78493A702F}.Debug|x86.Build.0 = Debug|Win32
		{890A41A4-4236-4A37-8060-BF78493A702F}.MinSizeRel|x64.ActiveCfg = MinSizeRel|Win32
		{890A41A4-4236-4A37-8060-BF78493A702F}.MinSizeRel|x86.ActiveCfg = MinSizeRel|Win32
		{890A41A4-4236-4A37-8060-BF78493A702F}.MinSizeRel|x86.Build.0 = MinSizeRel|Win32
		{890A41A4-4236-4A37-8060-BF78493A702F}.Release MX|x64.ActiveCfg = Release|Win32
		{890A41A4-4236-4A37-8060-BF78493A702F}.Release MX|x64.Build.0 = Release|Win32
		{890A41A4-4236-4A37-8060-BF78493A702F}.Release MX|x86.ActiveCfg = Release|Win32
		{890A41A4-4236-4A37-8060-BF78493A702F}.Release MX|x86.Build.0 = Release|Win32
		{890A41A4-4236-4A37-8060-BF78493A702F}.Release|x64.ActiveCfg = Release|Win32
		{890A41A4-4236-4A37-8060-BF78493A702F}.Release|x86.ActiveCfg = Release|Win32
		{890A41A4-4236-4A37-8060-BF78493A702F}.Release|x86.Build.0 = Release|Win32
		{890A41A4-4236-4A37-8060-BF78493A702F}.RelWithDebInfo|x64.ActiveCfg = RelWithDebInfo|Win32
		{890A41A4-4236-4A37-8060-BF78493A702F}.RelWithDebInfo|x86.ActiveCfg = RelWithDebInfo|Win32
		{890A41A4-4236-4A37-8060-BF78493A702F}.RelWithDebInfo|x86.Build.0 = RelWithDebInfo|Win32
		{E35D8E47-EBFE-45D1-A5B8-FBF35E529868}.Debug MX|x64.ActiveCfg = Release|Win32
		{E35D8E47-EBFE-45D1-A5B8-FBF35E529868}.Debug MX|x64.Build.0 = Release|Win32
		{E35D8E47-EBFE-45D1-A5B8-FBF35E529868}.Debug MX|x86.ActiveCfg = Debug|Win32
		{E35D8E47-EBFE-45D1-A5B8-FBF35E529868}.Debug MX|x86.Build.0 = Debug|Win32
		{E35D8E47-EBFE-45D1-A5B8-FBF35E529868}.Debug|x64.ActiveCfg = Debug|Win32
		{E35D8E47-EBFE-45D1-A5B8-FBF35E529868}.Debug|x86.ActiveCfg = Debug|Win32
		{E35D8E47-EBFE-45D1-A5B8-FBF35E529868}.Debug|x86.Build.0 = Debug|Win32
		{E35D8E47-EBFE-45D1-A5B8-FBF35E529868}.MinSizeRel|x64.ActiveCfg = MinSizeRel|Win32
		{E35D8E47-EBFE-45D1-A5B8-FBF35E529868}.MinSizeRel|x86.ActiveCfg = MinSizeRel|Win32
		{E35D8E47-EBFE-45D1-A5B8-FBF35E529868}.MinSizeRel|x86.Build.0 = MinSizeRel|Win32
		{E35D8E47-EBFE-45D1-A5B8-FBF35E529868}.Release MX|x64.ActiveCfg = Release|Win32
		{E35D8E47-EBFE-45D1-A5B8-FBF35E529868}.Release MX|x64.Build.0 = Release|Win32
		{E35D8E47-EBFE-45D1-A5B8-FBF35E529868}.Release MX|x86.ActiveCfg = Release|Win32
		{E35D8E47-EBFE-45D1-A5B8-FBF35E529868}.Release MX|x86.Build.0 = Release|Win32
		{E35D8E47-EBFE-45D1-A5B8-FBF35E529868}.Release|x64.ActiveCfg = Release|Win32
		{E35D8E47-EBFE-45D1-A5B8-FBF35E529868}.Release|x86.ActiveCfg = Release|Win32
		{E35D8E47-EBFE-45D1-A5B8-FBF35E529868}.Release|x86.Build.0 = Release|Win32
		{E35D8E47-EBFE-45D1-A5B8-FBF35E529868}.RelWithDebInfo|x64.ActiveCfg = RelWithDebInfo|Win32
		{E35D8E47-EBFE-45D1-A5B8-FBF35E529868}.RelWithDebInfo|x86.ActiveCfg = RelWithDebInfo|Win32
		{E35D8E47-EBFE-45D1-A5B8-FBF35E529868}.RelWithDebInfo|x86.Build.0 = RelWithDebInfo|Win32
	EndGlobalSection
	GlobalSection(SolutionProperties) = preSolution
		HideSolutionNode = FALSE
	EndGlobalSection
EndGlobal
