
Microsoft Visual Studio Solution File, Format Version 12.00
# Visual Studio 14
VisualStudioVersion = 14.0.24720.0
MinimumVisualStudioVersion = 10.0.40219.1
Project("{8BC9CEB8-8B4A-11D0-8D11-00A0C91BC942}") = "tron", "tron.vcxproj", "{98DA5B60-8B39-4759-B25D-421B6C93760A}"
	ProjectSection(ProjectDependencies) = postProject
		{A2050A4B-04AB-40F4-B12A-4A0E7180D2A3} = {A2050A4B-04AB-40F4-B12A-4A0E7180D2A3}
		{890A41A4-4236-4A37-8060-BF78493A702F} = {890A41A4-4236-4A37-8060-BF78493A702F}
		{102686AE-0228-406C-83EE-D670B6A60C56} = {102686AE-0228-406C-83EE-D670B6A60C56}
	EndProjectSection
EndProject
Project("{2150E333-8FDC-42A3-9474-1A3956D46DE8}") = "Solution Items", "Solution Items", "{DF9F58FB-8F87-4631-9939-588C3422B366}"
EndProject
Project("{8BC9CEB8-8B4A-11D0-8D11-00A0C91BC942}") = "glfw", "..\libraries\glfw-3.1.2\build\src\glfw.vcxproj", "{890A41A4-4236-4A37-8060-BF78493A702F}"
EndProject
Project("{8BC9CEB8-8B4A-11D0-8D11-00A0C91BC942}") = "assimp", "..\libraries\assimp\build\code\assimp.vcxproj", "{A2050A4B-04AB-40F4-B12A-4A0E7180D2A3}"
EndProject
Project("{8BC9CEB8-8B4A-11D0-8D11-00A0C91BC942}") = "zlibstatic", "..\libraries\assimp\build\contrib\zlib\zlibstatic.vcxproj", "{102686AE-0228-406C-83EE-D670B6A60C56}"
EndProject
Global
	GlobalSection(SolutionConfigurationPlatforms) = preSolution
		Debug MX|x64 = Debug MX|x64
		Debug MX|x86 = Debug MX|x86
		Debug|x64 = Debug|x64
		Debug|x86 = Debug|x86
		MinSizeRel|x64 = MinSizeRel|x64
		MinSizeRel|x86 = MinSizeRel|x86
		Release MX|x64 = Release MX|x64
		Release MX|x86 = Release MX|x86
		Release|x64 = Release|x64
		Release|x86 = Release|x86
		RelWithDebInfo|x64 = RelWithDebInfo|x64
		RelWithDebInfo|x86 = RelWithDebInfo|x86
	EndGlobalSection
	GlobalSection(ProjectConfigurationPlatforms) = postSolution
		{98DA5B60-8B39-4759-B25D-421B6C93760A}.Debug MX|x64.ActiveCfg = Debug|x64
		{98DA5B60-8B39-4759-B25D-421B6C93760A}.Debug MX|x64.Build.0 = Debug|x64
		{98DA5B60-8B39-4759-B25D-421B6C93760A}.Debug MX|x86.ActiveCfg = Debug|Win32
		{98DA5B60-8B39-4759-B25D-421B6C93760A}.Debug MX|x86.Build.0 = Debug|Win32
		{98DA5B60-8B39-4759-B25D-421B6C93760A}.Debug|x64.ActiveCfg = Debug|x64
		{98DA5B60-8B39-4759-B25D-421B6C93760A}.Debug|x64.Build.0 = Debug|x64
		{98DA5B60-8B39-4759-B25D-421B6C93760A}.Debug|x86.ActiveCfg = Debug|Win32
		{98DA5B60-8B39-4759-B25D-421B6C93760A}.Debug|x86.Build.0 = Debug|Win32
		{98DA5B60-8B39-4759-B25D-421B6C93760A}.MinSizeRel|x64.ActiveCfg = Release|x64
		{98DA5B60-8B39-4759-B25D-421B6C93760A}.MinSizeRel|x64.Build.0 = Release|x64
		{98DA5B60-8B39-4759-B25D-421B6C93760A}.MinSizeRel|x86.ActiveCfg = Release|Win32
		{98DA5B60-8B39-4759-B25D-421B6C93760A}.MinSizeRel|x86.Build.0 = Release|Win32
		{98DA5B60-8B39-4759-B25D-421B6C93760A}.Release MX|x64.ActiveCfg = Release|x64
		{98DA5B60-8B39-4759-B25D-421B6C93760A}.Release MX|x64.Build.0 = Release|x64
		{98DA5B60-8B39-4759-B25D-421B6C93760A}.Release MX|x86.ActiveCfg = Release|Win32
		{98DA5B60-8B39-4759-B25D-421B6C93760A}.Release MX|x86.Build.0 = Release|Win32
		{98DA5B60-8B39-4759-B25D-421B6C93760A}.Release|x64.ActiveCfg = Release|x64
		{98DA5B60-8B39-4759-B25D-421B6C93760A}.Release|x64.Build.0 = Release|x64
		{98DA5B60-8B39-4759-B25D-421B6C93760A}.Release|x86.ActiveCfg = Release|Win32
		{98DA5B60-8B39-4759-B25D-421B6C93760A}.Release|x86.Build.0 = Release|Win32
		{98DA5B60-8B39-4759-B25D-421B6C93760A}.RelWithDebInfo|x64.ActiveCfg = Release|x64
		{98DA5B60-8B39-4759-B25D-421B6C93760A}.RelWithDebInfo|x64.Build.0 = Release|x64
		{98DA5B60-8B39-4759-B25D-421B6C93760A}.RelWithDebInfo|x86.ActiveCfg = Release|Win32
		{98DA5B60-8B39-4759-B25D-421B6C93760A}.RelWithDebInfo|x86.Build.0 = Release|Win32
		{890A41A4-4236-4A37-8060-BF78493A702F}.Debug MX|x64.ActiveCfg = Release|Win32
		{890A41A4-4236-4A37-8060-BF78493A702F}.Debug MX|x64.Build.0 = Release|Win32
		{890A41A4-4236-4A37-8060-BF78493A702F}.Debug MX|x86.ActiveCfg = Debug|Win32
		{890A41A4-4236-4A37-8060-BF78493A702F}.Debug MX|x86.Build.0 = Debug|Win32
		{890A41A4-4236-4A37-8060-BF78493A702F}.Debug|x64.ActiveCfg = Debug|Win32
		{890A41A4-4236-4A37-8060-BF78493A702F}.Debug|x86.ActiveCfg = Debug|Win32
		{890A41A4-4236-4A37-8060-BF78493A702F}.Debug|x86.Build.0 = Debug|Win32
		{890A41A4-4236-4A37-8060-BF78493A702F}.MinSizeRel|x64.ActiveCfg = MinSizeRel|Win32
		{890A41A4-4236-4A37-8060-BF78493A702F}.MinSizeRel|x86.ActiveCfg = MinSizeRel|Win32
		{890A41A4-4236-4A37-8060-BF78493A702F}.MinSizeRel|x86.Build.0 = MinSizeRel|Win32
		{890A41A4-4236-4A37-8060-BF78493A702F}.Release MX|x64.ActiveCfg = Release|Win32
		{890A41A4-4236-4A37-8060-BF78493A702F}.Release MX|x64.Build.0 = Release|Win32
		{890A41A4-4236-4A37-8060-BF78493A702F}.Release MX|x86.ActiveCfg = Release|Win32
		{890A41A4-4236-4A37-8060-BF78493A702F}.Release MX|x86.Build.0 = Release|Win32
		{890A41A4-4236-4A37-8060-BF78493A702F}.Release|x64.ActiveCfg = Release|Win32
		{890A41A4-4236-4A37-8060-BF78493A702F}.Release|x86.ActiveCfg = Release|Win32
		{890A41A4-4236-4A37-8060-BF78493A702F}.Release|x86.Build.0 = Release|Win32
		{890A41A4-4236-4A37-8060-BF78493A702F}.RelWithDebInfo|x64.ActiveCfg = RelWithDebInfo|Win32
		{890A41A4-4236-4A37-8060-BF78493A702F}.RelWithDebInfo|x86.ActiveCfg = RelWithDebInfo|Win32
		{890A41A4-4236-4A37-8060-BF78493A702F}.RelWithDebInfo|x86.Build.0 = RelWithDebInfo|Win32
		{A2050A4B-04AB-40F4-B12A-4A0E7180D2A3}.Debug MX|x64.ActiveCfg = Release|Win32
		{A2050A4B-04AB-40F4-B12A-4A0E7180D2A3}.Debug MX|x64.Build.0 = Release|Win32
		{A2050A4B-04AB-40F4-B12A-4A0E7180D2A3}.Debug MX|x86.ActiveCfg = Debug|Win32
		{A2050A4B-04AB-40F4-B12A-4A0E7180D2A3}.Debug MX|x86.Build.0 = Debug|Win32
		{A2050A4B-04AB-40F4-B12A-4A0E7180D2A3}.Debug|x64.ActiveCfg = Debug|Win32
		{A2050A4B-04AB-40F4-B12A-4A0E7180D2A3}.Debug|x86.ActiveCfg = Debug|Win32
		{A2050A4B-04AB-40F4-B12A-4A0E7180D2A3}.Debug|x86.Build.0 = Debug|Win32
		{A2050A4B-04AB-40F4-B12A-4A0E7180D2A3}.MinSizeRel|x64.ActiveCfg = MinSizeRel|Win32
		{A2050A4B-04AB-40F4-B12A-4A0E7180D2A3}.MinSizeRel|x86.ActiveCfg = MinSizeRel|Win32
		{A2050A4B-04AB-40F4-B12A-4A0E7180D2A3}.MinSizeRel|x86.Build.0 = MinSizeRel|Win32
		{A2050A4B-04AB-40F4-B12A-4A0E7180D2A3}.Release MX|x64.ActiveCfg = Release|Win32
		{A2050A4B-04AB-40F4-B12A-4A0E7180D2A3}.Release MX|x64.Build.0 = Release|Win32
		{A2050A4B-04AB-40F4-B12A-4A0E7180D2A3}.Release MX|x86.ActiveCfg = Release|Win32
		{A2050A4B-04AB-40F4-B12A-4A0E7180D2A3}.Release MX|x86.Build.0 = Release|Win32
		{A2050A4B-04AB-40F4-B12A-4A0E7180D2A3}.Release|x64.ActiveCfg = Release|Win32
		{A2050A4B-04AB-40F4-B12A-4A0E7180D2A3}.Release|x86.ActiveCfg = Release|Win32
		{A2050A4B-04AB-40F4-B12A-4A0E7180D2A3}.Release|x86.Build.0 = Release|Win32
		{A2050A4B-04AB-40F4-B12A-4A0E7180D2A3}.RelWithDebInfo|x64.ActiveCfg = RelWithDebInfo|Win32
		{A2050A4B-04AB-40F4-B12A-4A0E7180D2A3}.RelWithDebInfo|x86.ActiveCfg = RelWithDebInfo|Win32
		{A2050A4B-04AB-40F4-B12A-4A0E7180D2A3}.RelWithDebInfo|x86.Build.0 = RelWithDebInfo|Win32
		{102686AE-0228-406C-83EE-D670B6A60C56}.Debug MX|x64.ActiveCfg = Release|Win32
		{102686AE-0228-406C-83EE-D670B6A60C56}.Debug MX|x64.Build.0 = Release|Win32
		{102686AE-0228-406C-83EE-D670B6A60C56}.Debug MX|x86.ActiveCfg = Debug|Win32
		{102686AE-0228-406C-83EE-D670B6A60C56}.Debug MX|x86.Build.0 = Debug|Win32
		{102686AE-0228-406C-83EE-D670B6A60C56}.Debug|x64.ActiveCfg = Debug|Win32
		{102686AE-0228-406C-83EE-D670B6A60C56}.Debug|x86.ActiveCfg = Debug|Win32
		{102686AE-0228-406C-83EE-D670B6A60C56}.Debug|x86.Build.0 = Debug|Win32
		{102686AE-0228-406C-83EE-D670B6A60C56}.MinSizeRel|x64.ActiveCfg = MinSizeRel|Win32
		{102686AE-0228-406C-83EE-D670B6A60C56}.MinSizeRel|x86.ActiveCfg = MinSizeRel|Win32
		{102686AE-0228-406C-83EE-D670B6A60C56}.MinSizeRel|x86.Build.0 = MinSizeRel|Win32
		{102686AE-0228-406C-83EE-D670B6A60C56}.Release MX|x64.ActiveCfg = Release|Win32
		{102686AE-0228-406C-83EE-D670B6A60C56}.Release MX|x64.Build.0 = Release|Win32
		{102686AE-0228-406C-83EE-D670B6A60C56}.Release MX|x86.ActiveCfg = Release|Win32
		{102686AE-0228-406C-83EE-D670B6A60C56}.Release MX|x86.Build.0 = Release|Win32
		{102686AE-0228-406C-83EE-D670B6A60C56}.Release|x64.ActiveCfg = Release|Win32
		{102686AE-0228-406C-83EE-D670B6A60C56}.Release|x86.ActiveCfg = Release|Win32
		{102686AE-0228-406C-83EE-D670B6A60C56}.Release|x86.Build.0 = Release|Win32
		{102686AE-0228-406C-83EE-D670B6A60C56}.RelWithDebInfo|x64.ActiveCfg = RelWithDebInfo|Win32
		{102686AE-0228-406C-83EE-D670B6A60C56}.RelWithDebInfo|x86.ActiveCfg = RelWithDebInfo|Win32
		{102686AE-0228-406C-83EE-D670B6A60C56}.RelWithDebInfo|x86.Build.0 = RelWithDebInfo|Win32
	EndGlobalSection
	GlobalSection(SolutionProperties) = preSolution
		HideSolutionNode = FALSE
	EndGlobalSection
EndGlobal
